
Microsoft Visual Studio Solution File, Format Version 12.00
# Visual Studio Version 16
VisualStudioVersion = 16.0.31829.152
MinimumVisualStudioVersion = 10.0.40219.1
Project("{FAE04EC0-301F-11D3-BF4B-00C04F79EFBC}") = "ImageTutorial.Android", "ImageTutorial.Android\ImageTutorial.Android.csproj", "{630194C7-9915-46D6-9054-62E068FBF026}"
EndProject
Project("{FAE04EC0-301F-11D3-BF4B-00C04F79EFBC}") = "ImageTutorial.iOS", "ImageTutorial.iOS\ImageTutorial.iOS.csproj", "{38335B7B-89F4-4405-93FB-1175205485A0}"
EndProject
Project("{FAE04EC0-301F-11D3-BF4B-00C04F79EFBC}") = "ImageTutorial", "ImageTutorial\ImageTutorial.csproj", "{8782A168-1D61-4041-9D25-0DC01D78586A}"
EndProject
Global
	GlobalSection(SolutionConfigurationPlatforms) = preSolution
		Debug|Any CPU = Debug|Any CPU
		Debug|iPhone = Debug|iPhone
		Debug|iPhoneSimulator = Debug|iPhoneSimulator
		Release|Any CPU = Release|Any CPU
		Release|iPhone = Release|iPhone
		Release|iPhoneSimulator = Release|iPhoneSimulator
	EndGlobalSection
	GlobalSection(ProjectConfigurationPlatforms) = postSolution
		{630194C7-9915-46D6-9054-62E068FBF026}.Debug|Any CPU.ActiveCfg = Debug|Any CPU
		{630194C7-9915-46D6-9054-62E068FBF026}.Debug|Any CPU.Build.0 = Debug|Any CPU
		{630194C7-9915-46D6-9054-62E068FBF026}.Debug|Any CPU.Deploy.0 = Debug|Any CPU
		{630194C7-9915-46D6-9054-62E068FBF026}.Debug|iPhone.ActiveCfg = Debug|Any CPU
		{630194C7-9915-46D6-9054-62E068FBF026}.Debug|iPhone.Build.0 = Debug|Any CPU
		{630194C7-9915-46D6-9054-62E068FBF026}.Debug|iPhone.Deploy.0 = Debug|Any CPU
		{630194C7-9915-46D6-9054-62E068FBF026}.Debug|iPhoneSimulator.ActiveCfg = Debug|Any CPU
		{630194C7-9915-46D6-9054-62E068FBF026}.Debug|iPhoneSimulator.Build.0 = Debug|Any CPU
		{630194C7-9915-46D6-9054-62E068FBF026}.Debug|iPhoneSimulator.Deploy.0 = Debug|Any CPU
		{630194C7-9915-46D6-9054-62E068FBF026}.Release|Any CPU.ActiveCfg = Release|Any CPU
		{630194C7-9915-46D6-9054-62E068FBF026}.Release|Any CPU.Build.0 = Release|Any CPU
		{630194C7-9915-46D6-9054-62E068FBF026}.Release|Any CPU.Deploy.0 = Release|Any CPU
		{630194C7-9915-46D6-9054-62E068FBF026}.Release|iPhone.ActiveCfg = Release|Any CPU
		{630194C7-9915-46D6-9054-62E068FBF026}.Release|iPhone.Build.0 = Release|Any CPU
		{630194C7-9915-46D6-9054-62E068FBF026}.Release|iPhone.Deploy.0 = Release|Any CPU
		{630194C7-9915-46D6-9054-62E068FBF026}.Release|iPhoneSimulator.ActiveCfg = Release|Any CPU
		{630194C7-9915-46D6-9054-62E068FBF026}.Release|iPhoneSimulator.Build.0 = Release|Any CPU
		{630194C7-9915-46D6-9054-62E068FBF026}.Release|iPhoneSimulator.Deploy.0 = Release|Any CPU
		{38335B7B-89F4-4405-93FB-1175205485A0}.Debug|Any CPU.ActiveCfg = Debug|iPhone
		{38335B7B-89F4-4405-93FB-1175205485A0}.Debug|Any CPU.Build.0 = Debug|iPhone
		{38335B7B-89F4-4405-93FB-1175205485A0}.Debug|Any CPU.Deploy.0 = Debug|iPhone
		{38335B7B-89F4-4405-93FB-1175205485A0}.Debug|iPhone.ActiveCfg = Debug|iPhone
		{38335B7B-89F4-4405-93FB-1175205485A0}.Debug|iPhone.Build.0 = Debug|iPhone
		{38335B7B-89F4-4405-93FB-1175205485A0}.Debug|iPhone.Deploy.0 = Debug|iPhone
		{38335B7B-89F4-4405-93FB-1175205485A0}.Debug|iPhoneSimulator.ActiveCfg = Debug|iPhoneSimulator
		{38335B7B-89F4-4405-93FB-1175205485A0}.Debug|iPhoneSimulator.Build.0 = Debug|iPhoneSimulator
		{38335B7B-89F4-4405-93FB-1175205485A0}.Debug|iPhoneSimulator.Deploy.0 = Debug|iPhoneSimulator
		{38335B7B-89F4-4405-93FB-1175205485A0}.Release|Any CPU.ActiveCfg = Release|iPhoneSimulator
		{38335B7B-89F4-4405-93FB-1175205485A0}.Release|Any CPU.Build.0 = Release|iPhoneSimulator
		{38335B7B-89F4-4405-93FB-1175205485A0}.Release|Any CPU.Deploy.0 = Release|iPhoneSimulator
		{38335B7B-89F4-4405-93FB-1175205485A0}.Release|iPhone.ActiveCfg = Release|iPhone
		{38335B7B-89F4-4405-93FB-1175205485A0}.Release|iPhone.Build.0 = Release|iPhone
		{38335B7B-89F4-4405-93FB-1175205485A0}.Release|iPhone.Deploy.0 = Release|iPhone
		{38335B7B-89F4-4405-93FB-1175205485A0}.Release|iPhoneSimulator.ActiveCfg = Release|iPhoneSimulator
		{38335B7B-89F4-4405-93FB-1175205485A0}.Release|iPhoneSimulator.Build.0 = Release|iPhoneSimulator
		{38335B7B-89F4-4405-93FB-1175205485A0}.Release|iPhoneSimulator.Deploy.0 = Release|iPhoneSimulator
		{8782A168-1D61-4041-9D25-0DC01D78586A}.Debug|Any CPU.ActiveCfg = Debug|Any CPU
		{8782A168-1D61-4041-9D25-0DC01D78586A}.Debug|Any CPU.Build.0 = Debug|Any CPU
		{8782A168-1D61-4041-9D25-0DC01D78586A}.Debug|Any CPU.Deploy.0 = Debug|Any CPU
		{8782A168-1D61-4041-9D25-0DC01D78586A}.Debug|iPhone.ActiveCfg = Debug|Any CPU
		{8782A168-1D61-4041-9D25-0DC01D78586A}.Debug|iPhone.Build.0 = Debug|Any CPU
		{8782A168-1D61-4041-9D25-0DC01D78586A}.Debug|iPhone.Deploy.0 = Debug|Any CPU
		{8782A168-1D61-4041-9D25-0DC01D78586A}.Debug|iPhoneSimulator.ActiveCfg = Debug|Any CPU
		{8782A168-1D61-4041-9D25-0DC01D78586A}.Debug|iPhoneSimulator.Build.0 = Debug|Any CPU
		{8782A168-1D61-4041-9D25-0DC01D78586A}.Debug|iPhoneSimulator.Deploy.0 = Debug|Any CPU
		{8782A168-1D61-4041-9D25-0DC01D78586A}.Release|Any CPU.ActiveCfg = Release|Any CPU
		{8782A168-1D61-4041-9D25-0DC01D78586A}.Release|Any CPU.Build.0 = Release|Any CPU
		{8782A168-1D61-4041-9D25-0DC01D78586A}.Release|Any CPU.Deploy.0 = Release|Any CPU
		{8782A168-1D61-4041-9D25-0DC01D78586A}.Release|iPhone.ActiveCfg = Release|Any CPU
		{8782A168-1D61-4041-9D25-0DC01D78586A}.Release|iPhone.Build.0 = Release|Any CPU
		{8782A168-1D61-4041-9D25-0DC01D78586A}.Release|iPhone.Deploy.0 = Release|Any CPU
		{8782A168-1D61-4041-9D25-0DC01D78586A}.Release|iPhoneSimulator.ActiveCfg = Release|Any CPU
		{8782A168-1D61-4041-9D25-0DC01D78586A}.Release|iPhoneSimulator.Build.0 = Release|Any CPU
		{8782A168-1D61-4041-9D25-0DC01D78586A}.Release|iPhoneSimulator.Deploy.0 = Release|Any CPU
	EndGlobalSection
	GlobalSection(SolutionProperties) = preSolution
		HideSolutionNode = FALSE
	EndGlobalSection
	GlobalSection(ExtensibilityGlobals) = postSolution
		SolutionGuid = {E091DC97-3B40-482F-986F-0C86D0F7197E}
	EndGlobalSection
EndGlobal
